
Microsoft Visual Studio Solution File, Format Version 12.00
# Visual Studio Version 17
VisualStudioVersion = 17.0.31717.71
MinimumVisualStudioVersion = 10.0.40219.1
Project("{2150E333-8FDC-42A3-9474-1A3956D46DE8}") = "src", "src", "{F80B2B28-D3BC-4E3A-9189-80851BE9290A}"
EndProject
Project("{2150E333-8FDC-42A3-9474-1A3956D46DE8}") = "Building Blocks", "Building Blocks", "{46C2198C-032B-4609-B2D8-3B64DC6FADCF}"
EndProject
Project("{2150E333-8FDC-42A3-9474-1A3956D46DE8}") = "Core", "Core", "{0974036F-E26A-4FE3-8C4E-900E6DD50CB2}"
EndProject
Project("{2150E333-8FDC-42A3-9474-1A3956D46DE8}") = "Services", "Services", "{81ED3CEB-0F6D-4322-8E68-0D9889F1CFA3}"
EndProject
Project("{2150E333-8FDC-42A3-9474-1A3956D46DE8}") = "Autenticacao", "Autenticacao", "{24B3C47B-25D5-4190-BF23-223ED400D459}"
EndProject
Project("{2150E333-8FDC-42A3-9474-1A3956D46DE8}") = "Veca", "Veca", "{1B24DF6A-52DF-419A-A961-A050876E887B}"
EndProject
Project("{2150E333-8FDC-42A3-9474-1A3956D46DE8}") = "Disc", "Disc", "{CBAE2E5E-7368-44F8-87CC-1D890EA1A445}"
EndProject
Project("{2150E333-8FDC-42A3-9474-1A3956D46DE8}") = "Web Apps", "Web Apps", "{DDA845C4-601F-4A93-A41D-3A9B3995926A}"
EndProject
Project("{2150E333-8FDC-42A3-9474-1A3956D46DE8}") = "Gateway", "Gateway", "{56C29374-E7EF-4830-A9FD-78C215F19490}"
EndProject
Project("{9A19103F-16F7-4668-BE54-9A1E7A4F7556}") = "RH.Autenticacao.API", "src\Services\RH.Autenticacao.API\RH.Autenticacao.API.csproj", "{0083AC47-F9B6-47C1-A2A0-4283AF0963EF}"
EndProject
Project("{9A19103F-16F7-4668-BE54-9A1E7A4F7556}") = "RH.Core", "src\Building Blocks\RH.Core\RH.Core.csproj", "{8AE71E32-56BD-4297-BEDA-83F78079D421}"
EndProject
Project("{9A19103F-16F7-4668-BE54-9A1E7A4F7556}") = "RH.Veca.API", "src\Services\RH.Disc.API\RH.Veca.API\RH.Veca.API.csproj", "{928DF6EE-1CDE-4166-86AD-0CA1121E39D0}"
EndProject
Project("{2150E333-8FDC-42A3-9474-1A3956D46DE8}") = "Clientes", "Clientes", "{84A80299-46F3-4C76-8DC4-7E0AD6CA50DD}"
EndProject
Project("{9A19103F-16F7-4668-BE54-9A1E7A4F7556}") = "RH.Clientes.API", "src\Services\RH.Clientes.API\RH.Clientes.API.csproj", "{429AC1F5-9557-4396-AE69-A47EBA8088B6}"
EndProject
Project("{2150E333-8FDC-42A3-9474-1A3956D46DE8}") = "Services", "Services", "{A644C95B-B15D-4A51-8592-7C10C20D53B2}"
EndProject
Project("{FAE04EC0-301F-11D3-BF4B-00C04F79EFBC}") = "RH.WebApi.Core", "src\Building Blocks\RH.WebApi.Core\RH.WebApi.Core.csproj", "{59587276-D833-43D2-AACA-A4FABB1DF501}"
EndProject
Global
	GlobalSection(SolutionConfigurationPlatforms) = preSolution
		Debug|Any CPU = Debug|Any CPU
		Release|Any CPU = Release|Any CPU
	EndGlobalSection
	GlobalSection(ProjectConfigurationPlatforms) = postSolution
		{0083AC47-F9B6-47C1-A2A0-4283AF0963EF}.Debug|Any CPU.ActiveCfg = Debug|Any CPU
		{0083AC47-F9B6-47C1-A2A0-4283AF0963EF}.Debug|Any CPU.Build.0 = Debug|Any CPU
		{0083AC47-F9B6-47C1-A2A0-4283AF0963EF}.Release|Any CPU.ActiveCfg = Release|Any CPU
		{0083AC47-F9B6-47C1-A2A0-4283AF0963EF}.Release|Any CPU.Build.0 = Release|Any CPU
		{8AE71E32-56BD-4297-BEDA-83F78079D421}.Debug|Any CPU.ActiveCfg = Debug|Any CPU
		{8AE71E32-56BD-4297-BEDA-83F78079D421}.Debug|Any CPU.Build.0 = Debug|Any CPU
		{8AE71E32-56BD-4297-BEDA-83F78079D421}.Release|Any CPU.ActiveCfg = Release|Any CPU
		{8AE71E32-56BD-4297-BEDA-83F78079D421}.Release|Any CPU.Build.0 = Release|Any CPU
		{928DF6EE-1CDE-4166-86AD-0CA1121E39D0}.Debug|Any CPU.ActiveCfg = Debug|Any CPU
		{928DF6EE-1CDE-4166-86AD-0CA1121E39D0}.Debug|Any CPU.Build.0 = Debug|Any CPU
		{928DF6EE-1CDE-4166-86AD-0CA1121E39D0}.Release|Any CPU.ActiveCfg = Release|Any CPU
		{928DF6EE-1CDE-4166-86AD-0CA1121E39D0}.Release|Any CPU.Build.0 = Release|Any CPU
		{429AC1F5-9557-4396-AE69-A47EBA8088B6}.Debug|Any CPU.ActiveCfg = Debug|Any CPU
		{429AC1F5-9557-4396-AE69-A47EBA8088B6}.Debug|Any CPU.Build.0 = Debug|Any CPU
		{429AC1F5-9557-4396-AE69-A47EBA8088B6}.Release|Any CPU.ActiveCfg = Release|Any CPU
		{429AC1F5-9557-4396-AE69-A47EBA8088B6}.Release|Any CPU.Build.0 = Release|Any CPU
		{59587276-D833-43D2-AACA-A4FABB1DF501}.Debug|Any CPU.ActiveCfg = Debug|Any CPU
		{59587276-D833-43D2-AACA-A4FABB1DF501}.Debug|Any CPU.Build.0 = Debug|Any CPU
		{59587276-D833-43D2-AACA-A4FABB1DF501}.Release|Any CPU.ActiveCfg = Release|Any CPU
		{59587276-D833-43D2-AACA-A4FABB1DF501}.Release|Any CPU.Build.0 = Release|Any CPU
	EndGlobalSection
	GlobalSection(SolutionProperties) = preSolution
		HideSolutionNode = FALSE
	EndGlobalSection
	GlobalSection(NestedProjects) = preSolution
		{46C2198C-032B-4609-B2D8-3B64DC6FADCF} = {F80B2B28-D3BC-4E3A-9189-80851BE9290A}
		{0974036F-E26A-4FE3-8C4E-900E6DD50CB2} = {46C2198C-032B-4609-B2D8-3B64DC6FADCF}
		{81ED3CEB-0F6D-4322-8E68-0D9889F1CFA3} = {F80B2B28-D3BC-4E3A-9189-80851BE9290A}
		{24B3C47B-25D5-4190-BF23-223ED400D459} = {81ED3CEB-0F6D-4322-8E68-0D9889F1CFA3}
		{1B24DF6A-52DF-419A-A961-A050876E887B} = {81ED3CEB-0F6D-4322-8E68-0D9889F1CFA3}
		{CBAE2E5E-7368-44F8-87CC-1D890EA1A445} = {81ED3CEB-0F6D-4322-8E68-0D9889F1CFA3}
		{DDA845C4-601F-4A93-A41D-3A9B3995926A} = {F80B2B28-D3BC-4E3A-9189-80851BE9290A}
		{56C29374-E7EF-4830-A9FD-78C215F19490} = {DDA845C4-601F-4A93-A41D-3A9B3995926A}
		{0083AC47-F9B6-47C1-A2A0-4283AF0963EF} = {24B3C47B-25D5-4190-BF23-223ED400D459}
		{8AE71E32-56BD-4297-BEDA-83F78079D421} = {0974036F-E26A-4FE3-8C4E-900E6DD50CB2}
		{928DF6EE-1CDE-4166-86AD-0CA1121E39D0} = {1B24DF6A-52DF-419A-A961-A050876E887B}
		{84A80299-46F3-4C76-8DC4-7E0AD6CA50DD} = {81ED3CEB-0F6D-4322-8E68-0D9889F1CFA3}
		{429AC1F5-9557-4396-AE69-A47EBA8088B6} = {84A80299-46F3-4C76-8DC4-7E0AD6CA50DD}
		{A644C95B-B15D-4A51-8592-7C10C20D53B2} = {46C2198C-032B-4609-B2D8-3B64DC6FADCF}
		{59587276-D833-43D2-AACA-A4FABB1DF501} = {A644C95B-B15D-4A51-8592-7C10C20D53B2}
	EndGlobalSection
	GlobalSection(ExtensibilityGlobals) = postSolution
		SolutionGuid = {D7CCE8EB-CBCD-4AA5-9526-CF4C79430CF6}
	EndGlobalSection
EndGlobal
