
Microsoft Visual Studio Solution File, Format Version 12.00
# Visual Studio Version 17
VisualStudioVersion = 17.0.31717.71
MinimumVisualStudioVersion = 10.0.40219.1
Project("{2150E333-8FDC-42A3-9474-1A3956D46DE8}") = "src", "src", "{F80B2B28-D3BC-4E3A-9189-80851BE9290A}"
EndProject
Project("{2150E333-8FDC-42A3-9474-1A3956D46DE8}") = "Building Blocks", "Building Blocks", "{46C2198C-032B-4609-B2D8-3B64DC6FADCF}"
EndProject
Project("{2150E333-8FDC-42A3-9474-1A3956D46DE8}") = "Core", "Core", "{0974036F-E26A-4FE3-8C4E-900E6DD50CB2}"
EndProject
Project("{2150E333-8FDC-42A3-9474-1A3956D46DE8}") = "Services", "Services", "{81ED3CEB-0F6D-4322-8E68-0D9889F1CFA3}"
EndProject
Project("{2150E333-8FDC-42A3-9474-1A3956D46DE8}") = "Autenticacao", "Autenticacao", "{24B3C47B-25D5-4190-BF23-223ED400D459}"
EndProject
Project("{2150E333-8FDC-42A3-9474-1A3956D46DE8}") = "Veca", "Veca", "{1B24DF6A-52DF-419A-A961-A050876E887B}"
EndProject
Project("{2150E333-8FDC-42A3-9474-1A3956D46DE8}") = "Disc", "Disc", "{CBAE2E5E-7368-44F8-87CC-1D890EA1A445}"
EndProject
Project("{2150E333-8FDC-42A3-9474-1A3956D46DE8}") = "Gateways", "Gateways", "{DDA845C4-601F-4A93-A41D-3A9B3995926A}"
EndProject
Project("{FAE04EC0-301F-11D3-BF4B-00C04F79EFBC}") = "RH.Core", "RH.Core\RH.Core.csproj", "{CC7DA1D1-3003-4A12-A4C2-F672785CF9B7}"
EndProject
Project("{FAE04EC0-301F-11D3-BF4B-00C04F79EFBC}") = "RH.Veca", "RH.Veca\RH.Veca.csproj", "{225D051B-74E8-4D13-8724-1A9021A9E093}"
EndProject
Project("{FAE04EC0-301F-11D3-BF4B-00C04F79EFBC}") = "RH.Disc", "RH.Disc\RH.Disc.csproj", "{AB926674-FDA5-476B-9D8D-E439037B2062}"
EndProject
Global
	GlobalSection(SolutionConfigurationPlatforms) = preSolution
		Debug|Any CPU = Debug|Any CPU
		Release|Any CPU = Release|Any CPU
	EndGlobalSection
	GlobalSection(ProjectConfigurationPlatforms) = postSolution
		{CC7DA1D1-3003-4A12-A4C2-F672785CF9B7}.Debug|Any CPU.ActiveCfg = Debug|Any CPU
		{CC7DA1D1-3003-4A12-A4C2-F672785CF9B7}.Debug|Any CPU.Build.0 = Debug|Any CPU
		{CC7DA1D1-3003-4A12-A4C2-F672785CF9B7}.Release|Any CPU.ActiveCfg = Release|Any CPU
		{CC7DA1D1-3003-4A12-A4C2-F672785CF9B7}.Release|Any CPU.Build.0 = Release|Any CPU
		{225D051B-74E8-4D13-8724-1A9021A9E093}.Debug|Any CPU.ActiveCfg = Debug|Any CPU
		{225D051B-74E8-4D13-8724-1A9021A9E093}.Debug|Any CPU.Build.0 = Debug|Any CPU
		{225D051B-74E8-4D13-8724-1A9021A9E093}.Release|Any CPU.ActiveCfg = Release|Any CPU
		{225D051B-74E8-4D13-8724-1A9021A9E093}.Release|Any CPU.Build.0 = Release|Any CPU
		{AB926674-FDA5-476B-9D8D-E439037B2062}.Debug|Any CPU.ActiveCfg = Debug|Any CPU
		{AB926674-FDA5-476B-9D8D-E439037B2062}.Debug|Any CPU.Build.0 = Debug|Any CPU
		{AB926674-FDA5-476B-9D8D-E439037B2062}.Release|Any CPU.ActiveCfg = Release|Any CPU
		{AB926674-FDA5-476B-9D8D-E439037B2062}.Release|Any CPU.Build.0 = Release|Any CPU
	EndGlobalSection
	GlobalSection(SolutionProperties) = preSolution
		HideSolutionNode = FALSE
	EndGlobalSection
	GlobalSection(NestedProjects) = preSolution
		{46C2198C-032B-4609-B2D8-3B64DC6FADCF} = {F80B2B28-D3BC-4E3A-9189-80851BE9290A}
		{0974036F-E26A-4FE3-8C4E-900E6DD50CB2} = {46C2198C-032B-4609-B2D8-3B64DC6FADCF}
		{81ED3CEB-0F6D-4322-8E68-0D9889F1CFA3} = {F80B2B28-D3BC-4E3A-9189-80851BE9290A}
		{24B3C47B-25D5-4190-BF23-223ED400D459} = {81ED3CEB-0F6D-4322-8E68-0D9889F1CFA3}
		{1B24DF6A-52DF-419A-A961-A050876E887B} = {81ED3CEB-0F6D-4322-8E68-0D9889F1CFA3}
		{CBAE2E5E-7368-44F8-87CC-1D890EA1A445} = {81ED3CEB-0F6D-4322-8E68-0D9889F1CFA3}
		{DDA845C4-601F-4A93-A41D-3A9B3995926A} = {F80B2B28-D3BC-4E3A-9189-80851BE9290A}
		{CC7DA1D1-3003-4A12-A4C2-F672785CF9B7} = {0974036F-E26A-4FE3-8C4E-900E6DD50CB2}
		{225D051B-74E8-4D13-8724-1A9021A9E093} = {1B24DF6A-52DF-419A-A961-A050876E887B}
		{AB926674-FDA5-476B-9D8D-E439037B2062} = {CBAE2E5E-7368-44F8-87CC-1D890EA1A445}
	EndGlobalSection
	GlobalSection(ExtensibilityGlobals) = postSolution
		SolutionGuid = {D7CCE8EB-CBCD-4AA5-9526-CF4C79430CF6}
	EndGlobalSection
EndGlobal
